
Microsoft Visual Studio Solution File, Format Version 12.00
# Visual Studio 15
VisualStudioVersion = 15.0.27004.2008
MinimumVisualStudioVersion = 10.0.40219.1
Project("{FAE04EC0-301F-11D3-BF4B-00C04F79EFBC}") = "DHT", "DHT\DHT.csproj", "{99D21F5C-61AC-490F-B26C-49D9CB0A3C61}"
EndProject
Project("{FAE04EC0-301F-11D3-BF4B-00C04F79EFBC}") = "DHTSample", "DHTSample\DHTSample.csproj", "{E19B390E-BA4C-4333-A4C1-2C390B1C1930}"
EndProject
Global
	GlobalSection(SolutionConfigurationPlatforms) = preSolution
		Debug|Any CPU = Debug|Any CPU
		Release|Any CPU = Release|Any CPU
	EndGlobalSection
	GlobalSection(ProjectConfigurationPlatforms) = postSolution
		{99D21F5C-61AC-490F-B26C-49D9CB0A3C61}.Debug|Any CPU.ActiveCfg = Debug|Any CPU
		{99D21F5C-61AC-490F-B26C-49D9CB0A3C61}.Debug|Any CPU.Build.0 = Debug|Any CPU
		{99D21F5C-61AC-490F-B26C-49D9CB0A3C61}.Release|Any CPU.ActiveCfg = Release|Any CPU
		{99D21F5C-61AC-490F-B26C-49D9CB0A3C61}.Release|Any CPU.Build.0 = Release|Any CPU
		{E19B390E-BA4C-4333-A4C1-2C390B1C1930}.Debug|Any CPU.ActiveCfg = Debug|Any CPU
		{E19B390E-BA4C-4333-A4C1-2C390B1C1930}.Debug|Any CPU.Build.0 = Debug|Any CPU
		{E19B390E-BA4C-4333-A4C1-2C390B1C1930}.Release|Any CPU.ActiveCfg = Release|Any CPU
		{E19B390E-BA4C-4333-A4C1-2C390B1C1930}.Release|Any CPU.Build.0 = Release|Any CPU
	EndGlobalSection
	GlobalSection(SolutionProperties) = preSolution
		HideSolutionNode = FALSE
	EndGlobalSection
	GlobalSection(ExtensibilityGlobals) = postSolution
		SolutionGuid = {EF8E8F90-0082-4969-8BB3-23719A6643F7}
	EndGlobalSection
EndGlobal
