
Microsoft Visual Studio Solution File, Format Version 12.00
# Visual Studio 15
VisualStudioVersion = 15.0.27004.2008
MinimumVisualStudioVersion = 10.0.40219.1
Project("{FAE04EC0-301F-11D3-BF4B-00C04F79EFBC}") = "GKSimpleChat", "GKSimpleChat\GKSimpleChat.csproj", "{02B95D50-63D6-41F7-A46A-C169FB004304}"
EndProject
Project("{FAE04EC0-301F-11D3-BF4B-00C04F79EFBC}") = "GKNetCore", "GKNetCore\GKNetCore.csproj", "{FEE68CF6-1D60-4E90-AEF3-6AFA4A8C977D}"
EndProject
Project("{FAE04EC0-301F-11D3-BF4B-00C04F79EFBC}") = "GKNetPNRP", "GKNetPNRP\GKNetPNRP.csproj", "{6E6875F8-6C1B-4877-9028-2F521BD43138}"
EndProject
Project("{FAE04EC0-301F-11D3-BF4B-00C04F79EFBC}") = "DHT", "DHT\DHT.csproj", "{99D21F5C-61AC-490F-B26C-49D9CB0A3C61}"
EndProject
Project("{FAE04EC0-301F-11D3-BF4B-00C04F79EFBC}") = "DHTSample", "DHTSample\DHTSample.csproj", "{E19B390E-BA4C-4333-A4C1-2C390B1C1930}"
EndProject
Global
	GlobalSection(SolutionConfigurationPlatforms) = preSolution
		Debug|Any CPU = Debug|Any CPU
		Release|Any CPU = Release|Any CPU
	EndGlobalSection
	GlobalSection(ProjectConfigurationPlatforms) = postSolution
		{02B95D50-63D6-41F7-A46A-C169FB004304}.Debug|Any CPU.ActiveCfg = Debug|Any CPU
		{02B95D50-63D6-41F7-A46A-C169FB004304}.Debug|Any CPU.Build.0 = Debug|Any CPU
		{02B95D50-63D6-41F7-A46A-C169FB004304}.Release|Any CPU.ActiveCfg = Release|Any CPU
		{02B95D50-63D6-41F7-A46A-C169FB004304}.Release|Any CPU.Build.0 = Release|Any CPU
		{FEE68CF6-1D60-4E90-AEF3-6AFA4A8C977D}.Debug|Any CPU.ActiveCfg = Debug|Any CPU
		{FEE68CF6-1D60-4E90-AEF3-6AFA4A8C977D}.Debug|Any CPU.Build.0 = Debug|Any CPU
		{FEE68CF6-1D60-4E90-AEF3-6AFA4A8C977D}.Release|Any CPU.ActiveCfg = Release|Any CPU
		{FEE68CF6-1D60-4E90-AEF3-6AFA4A8C977D}.Release|Any CPU.Build.0 = Release|Any CPU
		{6E6875F8-6C1B-4877-9028-2F521BD43138}.Debug|Any CPU.ActiveCfg = Debug|Any CPU
		{6E6875F8-6C1B-4877-9028-2F521BD43138}.Debug|Any CPU.Build.0 = Debug|Any CPU
		{6E6875F8-6C1B-4877-9028-2F521BD43138}.Release|Any CPU.ActiveCfg = Release|Any CPU
		{6E6875F8-6C1B-4877-9028-2F521BD43138}.Release|Any CPU.Build.0 = Release|Any CPU
		{99D21F5C-61AC-490F-B26C-49D9CB0A3C61}.Debug|Any CPU.ActiveCfg = Debug|Any CPU
		{99D21F5C-61AC-490F-B26C-49D9CB0A3C61}.Debug|Any CPU.Build.0 = Debug|Any CPU
		{99D21F5C-61AC-490F-B26C-49D9CB0A3C61}.Release|Any CPU.ActiveCfg = Release|Any CPU
		{99D21F5C-61AC-490F-B26C-49D9CB0A3C61}.Release|Any CPU.Build.0 = Release|Any CPU
		{E19B390E-BA4C-4333-A4C1-2C390B1C1930}.Debug|Any CPU.ActiveCfg = Debug|Any CPU
		{E19B390E-BA4C-4333-A4C1-2C390B1C1930}.Debug|Any CPU.Build.0 = Debug|Any CPU
		{E19B390E-BA4C-4333-A4C1-2C390B1C1930}.Release|Any CPU.ActiveCfg = Release|Any CPU
		{E19B390E-BA4C-4333-A4C1-2C390B1C1930}.Release|Any CPU.Build.0 = Release|Any CPU
	EndGlobalSection
	GlobalSection(SolutionProperties) = preSolution
		HideSolutionNode = FALSE
	EndGlobalSection
	GlobalSection(ExtensibilityGlobals) = postSolution
		SolutionGuid = {C2D1D335-893B-44C7-802F-233FA6C4BAD0}
	EndGlobalSection
EndGlobal
